
Microsoft Visual Studio Solution File, Format Version 12.00
# Visual Studio Version 17
VisualStudioVersion = 17.6.33801.468
MinimumVisualStudioVersion = 10.0.40219.1
Project("{FAE04EC0-301F-11D3-BF4B-00C04F79EFBC}") = "BlazorRESTFul", "BlazorRESTFul\BlazorRESTFul.csproj", "{0903254F-8082-4078-A953-CEE774BD656D}"
EndProject
Global
	GlobalSection(SolutionConfigurationPlatforms) = preSolution
		Debug|Any CPU = Debug|Any CPU
		Release|Any CPU = Release|Any CPU
	EndGlobalSection
	GlobalSection(ProjectConfigurationPlatforms) = postSolution
		{0903254F-8082-4078-A953-CEE774BD656D}.Debug|Any CPU.ActiveCfg = Debug|Any CPU
		{0903254F-8082-4078-A953-CEE774BD656D}.Debug|Any CPU.Build.0 = Debug|Any CPU
		{0903254F-8082-4078-A953-CEE774BD656D}.Release|Any CPU.ActiveCfg = Release|Any CPU
		{0903254F-8082-4078-A953-CEE774BD656D}.Release|Any CPU.Build.0 = Release|Any CPU
	EndGlobalSection
	GlobalSection(SolutionProperties) = preSolution
		HideSolutionNode = FALSE
	EndGlobalSection
	GlobalSection(ExtensibilityGlobals) = postSolution
		SolutionGuid = {2DF9F3D0-34AA-4585-9B86-2D7334B219BD}
	EndGlobalSection
EndGlobal
